
Microsoft Visual Studio Solution File, Format Version 12.00
# Visual Studio Version 16
VisualStudioVersion = 16.0.29230.47
MinimumVisualStudioVersion = 10.0.40219.1
Project("{FAE04EC0-301F-11D3-BF4B-00C04F79EFBC}") = "ConsoleApp6методыС2", "ConsoleApp6методыС2\ConsoleApp6методыС2.csproj", "{CEF38BFB-4CEC-454A-A740-BAF490F269E0}"
EndProject
Global
	GlobalSection(SolutionConfigurationPlatforms) = preSolution
		Debug|Any CPU = Debug|Any CPU
		Release|Any CPU = Release|Any CPU
	EndGlobalSection
	GlobalSection(ProjectConfigurationPlatforms) = postSolution
		{CEF38BFB-4CEC-454A-A740-BAF490F269E0}.Debug|Any CPU.ActiveCfg = Debug|Any CPU
		{CEF38BFB-4CEC-454A-A740-BAF490F269E0}.Debug|Any CPU.Build.0 = Debug|Any CPU
		{CEF38BFB-4CEC-454A-A740-BAF490F269E0}.Release|Any CPU.ActiveCfg = Release|Any CPU
		{CEF38BFB-4CEC-454A-A740-BAF490F269E0}.Release|Any CPU.Build.0 = Release|Any CPU
	EndGlobalSection
	GlobalSection(SolutionProperties) = preSolution
		HideSolutionNode = FALSE
	EndGlobalSection
	GlobalSection(ExtensibilityGlobals) = postSolution
		SolutionGuid = {E3C7AC28-F0A6-4DB1-A0EA-9C616E39D6D3}
	EndGlobalSection
EndGlobal
